
Microsoft Visual Studio Solution File, Format Version 12.00
# Visual Studio Version 17
VisualStudioVersion = 17.13.35828.75 d17.13
MinimumVisualStudioVersion = 10.0.40219.1
Project("{FAE04EC0-301F-11D3-BF4B-00C04F79EFBC}") = "DialogFlowChatBot", "DialogFlowChatBot.csproj", "{2F6ABC0B-F7BF-41CA-A56E-79E239EBB934}"
EndProject
Global
	GlobalSection(SolutionConfigurationPlatforms) = preSolution
		Debug|Any CPU = Debug|Any CPU
		Release|Any CPU = Release|Any CPU
	EndGlobalSection
	GlobalSection(ProjectConfigurationPlatforms) = postSolution
		{2F6ABC0B-F7BF-41CA-A56E-79E239EBB934}.Debug|Any CPU.ActiveCfg = Debug|Any CPU
		{2F6ABC0B-F7BF-41CA-A56E-79E239EBB934}.Debug|Any CPU.Build.0 = Debug|Any CPU
		{2F6ABC0B-F7BF-41CA-A56E-79E239EBB934}.Release|Any CPU.ActiveCfg = Release|Any CPU
		{2F6ABC0B-F7BF-41CA-A56E-79E239EBB934}.Release|Any CPU.Build.0 = Release|Any CPU
	EndGlobalSection
	GlobalSection(SolutionProperties) = preSolution
		HideSolutionNode = FALSE
	EndGlobalSection
	GlobalSection(ExtensibilityGlobals) = postSolution
		SolutionGuid = {493B1C29-CC88-4508-BC2A-BEF87D9CB625}
	EndGlobalSection
EndGlobal
